{
  "lockfileVersion": 1,
  "workspaces": {
    "": {
      "name": "mq-request",
      "devDependencies": {
        "@faker-js/faker": "^9.9.0",
      },
    },
  },
  "packages": {
    "@faker-js/faker": ["@faker-js/faker@9.9.0", "", {}, "sha512-OEl393iCOoo/z8bMezRlJu+GlRGlsKbUAN7jKB6LhnKoqKve5DXRpalbItIIcwnCjs1k/FOPjFzcA6Qn+H+YbA=="],
  }
}
