{
  "lockfileVersion": 1,
  "workspaces": {
    "": {
      "name": "mq-request",
      "dependencies": {
        "arangojs": "^10.1.2",
        "dayjs": "^1.11.19",
      },
      "devDependencies": {
        "@faker-js/faker": "^9.9.0",
      },
    },
  },
  "packages": {
    "@faker-js/faker": ["@faker-js/faker@9.9.0", "", {}, "sha512-OEl393iCOoo/z8bMezRlJu+GlRGlsKbUAN7jKB6LhnKoqKve5DXRpalbItIIcwnCjs1k/FOPjFzcA6Qn+H+YbA=="],

    "@types/node": ["@types/node@20.19.24", "", { "dependencies": { "undici-types": "~6.21.0" } }, "sha512-FE5u0ezmi6y9OZEzlJfg37mqqf6ZDSF2V/NLjUyGrR9uTZ7Sb9F7bLNZ03S4XVUNRWGA7Ck4c1kK+YnuWjl+DA=="],

    "arangojs": ["arangojs@10.1.2", "", { "dependencies": { "@types/node": "^20.11.26" }, "peerDependencies": { "undici": ">=5.21.0" }, "optionalPeers": ["undici"] }, "sha512-25Gy2dwSYOaKNWJixpGZXCSeOxS+k/E0sFuADcYm9ZhywFYwsTgh2hOB83fZy0ZOhC7Xc/zEhOL+tR6wujoyfQ=="],

    "dayjs": ["dayjs@1.11.19", "", {}, "sha512-t5EcLVS6QPBNqM2z8fakk/NKel+Xzshgt8FFKAn+qwlD1pzZWxh0nVCrvFK7ZDb6XucZeF9z8C7CBWTRIVApAw=="],

    "undici-types": ["undici-types@6.21.0", "", {}, "sha512-iwDZqg0QAGrg9Rav5H4n0M64c3mkR59cJ6wQp+7C4nI0gsmExaedaYLNO44eT4AtBBwjbTiGPMlt2Md0T9H9JQ=="],
  }
}
